
Microsoft Visual Studio Solution File, Format Version 12.00
# Visual Studio Version 17
VisualStudioVersion = 17.8.34525.116
MinimumVisualStudioVersion = 10.0.40219.1
Project("{FAE04EC0-301F-11D3-BF4B-00C04F79EFBC}") = "WebApplication5", "WebApplication5\WebApplication5.csproj", "{EB2F942D-B89B-45C4-A191-E2056D62E6FF}"
EndProject
Global
	GlobalSection(SolutionConfigurationPlatforms) = preSolution
		Debug|Any CPU = Debug|Any CPU
		Release|Any CPU = Release|Any CPU
	EndGlobalSection
	GlobalSection(ProjectConfigurationPlatforms) = postSolution
		{EB2F942D-B89B-45C4-A191-E2056D62E6FF}.Debug|Any CPU.ActiveCfg = Debug|Any CPU
		{EB2F942D-B89B-45C4-A191-E2056D62E6FF}.Debug|Any CPU.Build.0 = Debug|Any CPU
		{EB2F942D-B89B-45C4-A191-E2056D62E6FF}.Release|Any CPU.ActiveCfg = Release|Any CPU
		{EB2F942D-B89B-45C4-A191-E2056D62E6FF}.Release|Any CPU.Build.0 = Release|Any CPU
	EndGlobalSection
	GlobalSection(SolutionProperties) = preSolution
		HideSolutionNode = FALSE
	EndGlobalSection
	GlobalSection(ExtensibilityGlobals) = postSolution
		SolutionGuid = {7563AE45-C956-4825-966F-4515DCA5F005}
	EndGlobalSection
EndGlobal
